PODS:
  - CertificateSigningRequestSwift (1.0)
  - Nimble (7.3.4)
  - Quick (1.2.0)

DEPENDENCIES:
  - CertificateSigningRequestSwift (from `../`)
  - Nimble (~> 7.0)
  - Quick (~> 1.2.0)

SPEC REPOS:
  trunk:
    - Nimble
    - Quick

EXTERNAL SOURCES:
  CertificateSigningRequestSwift:
    :path: "../"

SPEC CHECKSUMS:
  CertificateSigningRequestSwift: 1eeeebd25945d0579ca82f3c1820be0249abb936
  Nimble: 051e3d8912d40138fa5591c78594f95fb172af37
  Quick: 58d203b1c5e27fff7229c4c1ae445ad7069a7a08

PODFILE CHECKSUM: 05af4b1b174694875c1e93dbdb04bcdb3bc4d530

COCOAPODS: 1.9.1
